
Microsoft Visual Studio Solution File, Format Version 12.00
Project("{FAE04EC0-301F-11D3-BF4B-00C04F79EFBC}") = "AdventOfCode_2024", "AdventOfCode_2024.csproj", "{899DA40F-83E6-4F03-A909-199568A31DA7}"
EndProject
Global
	GlobalSection(SolutionConfigurationPlatforms) = preSolution
		Debug|Any CPU = Debug|Any CPU
		Release|Any CPU = Release|Any CPU
	EndGlobalSection
	GlobalSection(ProjectConfigurationPlatforms) = postSolution
		{899DA40F-83E6-4F03-A909-199568A31DA7}.Debug|Any CPU.ActiveCfg = Debug|Any CPU
		{899DA40F-83E6-4F03-A909-199568A31DA7}.Debug|Any CPU.Build.0 = Debug|Any CPU
		{899DA40F-83E6-4F03-A909-199568A31DA7}.Release|Any CPU.ActiveCfg = Release|Any CPU
		{899DA40F-83E6-4F03-A909-199568A31DA7}.Release|Any CPU.Build.0 = Release|Any CPU
	EndGlobalSection
EndGlobal
